
Microsoft Visual Studio Solution File, Format Version 12.00
# Visual Studio Version 16
VisualStudioVersion = 16.0.29709.97
MinimumVisualStudioVersion = 10.0.40219.1
Project("{FAE04EC0-301F-11D3-BF4B-00C04F79EFBC}") = "ServiceBusMessageGenerator", "ServiceBusMessageGenerator\ServiceBusMessageGenerator.csproj", "{023D4D0C-FAF5-4D86-848D-B4D0C1CB37FE}"
EndProject
Global
	GlobalSection(SolutionConfigurationPlatforms) = preSolution
		Debug|Any CPU = Debug|Any CPU
		Release|Any CPU = Release|Any CPU
	EndGlobalSection
	GlobalSection(ProjectConfigurationPlatforms) = postSolution
		{023D4D0C-FAF5-4D86-848D-B4D0C1CB37FE}.Debug|Any CPU.ActiveCfg = Debug|Any CPU
		{023D4D0C-FAF5-4D86-848D-B4D0C1CB37FE}.Debug|Any CPU.Build.0 = Debug|Any CPU
		{023D4D0C-FAF5-4D86-848D-B4D0C1CB37FE}.Release|Any CPU.ActiveCfg = Release|Any CPU
		{023D4D0C-FAF5-4D86-848D-B4D0C1CB37FE}.Release|Any CPU.Build.0 = Release|Any CPU
	EndGlobalSection
	GlobalSection(SolutionProperties) = preSolution
		HideSolutionNode = FALSE
	EndGlobalSection
	GlobalSection(ExtensibilityGlobals) = postSolution
		SolutionGuid = {63E59632-4FA0-445C-8A36-03B6C84CA36E}
	EndGlobalSection
EndGlobal
